<Solution Description="Native SDK/MSBuild integration example">
  <Configurations>
    <BuildType Name="Debug" />
    <BuildType Name="Release" />
    <Platform Name="Any CPU" />
  </Configurations>
  <Folder Name="/src/">
    <Project Path="App/App.csproj"><BuildDependency Project="Library/Library.csproj" /></Project>
    <Project Path="Library/Library.csproj" />
  </Folder>
  <Folder Name="/build/">
    <File Path="Directory.Build.props" />
    <File Path="Directory.Build.targets" />
    <File Path="shared/Version.props" />
  </Folder>
</Solution>
